{
  "name": "@negima1072/akashic-mj-core",
  "version": "0.1.0",
  "lockfileVersion": 3,
  "requires": true,
  "packages": {
    "": {
      "name": "@negima1072/akashic-mj-core",
      "version": "0.1.0",
      "license": "MIT",
      "devDependencies": {
        "@akashic/akashic-engine": "^3.10.0",
        "@types/node": "^18.13.0",
        "rimraf": "^4.1.2",
        "typescript": "^4.9.5"
      }
    },
    "node_modules/@akashic/akashic-engine": {
      "version": "3.10.0",
      "resolved": "https://registry.npmjs.org/@akashic/akashic-engine/-/akashic-engine-3.10.0.tgz",
      "integrity": "sha512-EloTzj/yEF6pbHvpI6iNsfgWjXIbjFpWU5F3HUwBEBU7PR3GhhEk1xy2wTa1B5t49mziD7RFH2yxKevU48rELQ==",
      "dev": true,
      "dependencies": {
        "@akashic/game-configuration": "~1.9.0",
        "@akashic/pdi-types": "~1.6.0",
        "@akashic/playlog": "~3.1.0",
        "@akashic/trigger": "~1.0.1"
      }
    },
    "node_modules/@akashic/amflow": {
      "version": "3.1.0",
      "resolved": "https://registry.npmjs.org/@akashic/amflow/-/amflow-3.1.0.tgz",
      "integrity": "sha512-rruOfUXAQNI8V63dH3BMwZPH5ANKmODWbAohF1LvfrA3UixXDMlV2afLdk8km2wZnD8su3i/JATyWov355lFmQ==",
      "dev": true,
      "dependencies": {
        "@akashic/playlog": "~3.1.0"
      }
    },
    "node_modules/@akashic/game-configuration": {
      "version": "1.9.0",
      "resolved": "https://registry.npmjs.org/@akashic/game-configuration/-/game-configuration-1.9.0.tgz",
      "integrity": "sha512-qvIFyfBS8w8md87FbiaaRzBQCKofloT1GOAK5cGbh4xrMLt0N7wjgkn1Lgo73Ebf9hw6xCnteCcNAZYWxE9zew==",
      "dev": true,
      "dependencies": {
        "@akashic/pdi-types": "^1.5.0"
      },
      "optionalDependencies": {
        "es6-promise": "^4.2.8"
      }
    },
    "node_modules/@akashic/pdi-types": {
      "version": "1.6.0",
      "resolved": "https://registry.npmjs.org/@akashic/pdi-types/-/pdi-types-1.6.0.tgz",
      "integrity": "sha512-9Ysl+NAjTWQaqvyFbAhr+xM77331hXrt1byvspMWlYcWjzaf1M13mnLol7gRYAAcKtM9p/0TyZzJ/xd+itdIAQ==",
      "dev": true,
      "dependencies": {
        "@akashic/amflow": "~3.1.0",
        "@akashic/playlog": "~3.1.0",
        "@akashic/trigger": "~1.0.1"
      }
    },
    "node_modules/@akashic/playlog": {
      "version": "3.1.0",
      "resolved": "https://registry.npmjs.org/@akashic/playlog/-/playlog-3.1.0.tgz",
      "integrity": "sha512-O0gByaFr8Cq7Xc9QVg2MamhxZIssfFXvGSEegyJhUz787xCQ4SK5R0fdN0cUMoPJJBay/6W17scG1G8ndxC24g==",
      "dev": true
    },
    "node_modules/@akashic/trigger": {
      "version": "1.0.1",
      "resolved": "https://registry.npmjs.org/@akashic/trigger/-/trigger-1.0.1.tgz",
      "integrity": "sha512-rDQ8iaxw1CWsy1DAoemoOgSpDjgC1o9jLljW/H3S26CxKNl8M4bnrpDIFbgzsld7es5Pdlrs9pWFZYdicpARZw==",
      "dev": true
    },
    "node_modules/@types/node": {
      "version": "18.13.0",
      "resolved": "https://registry.npmjs.org/@types/node/-/node-18.13.0.tgz",
      "integrity": "sha512-gC3TazRzGoOnoKAhUx+Q0t8S9Tzs74z7m0ipwGpSqQrleP14hKxP4/JUeEQcD3W1/aIpnWl8pHowI7WokuZpXg==",
      "dev": true
    },
    "node_modules/es6-promise": {
      "version": "4.2.8",
      "resolved": "https://registry.npmjs.org/es6-promise/-/es6-promise-4.2.8.tgz",
      "integrity": "sha512-HJDGx5daxeIvxdBxvG2cb9g4tEvwIk3i8+nhX0yGrYmZUzbkdg8QbDevheDB8gd0//uPj4c1EQua8Q+MViT0/w==",
      "dev": true,
      "optional": true
    },
    "node_modules/rimraf": {
      "version": "4.1.2",
      "resolved": "https://registry.npmjs.org/rimraf/-/rimraf-4.1.2.tgz",
      "integrity": "sha512-BlIbgFryTbw3Dz6hyoWFhKk+unCcHMSkZGrTFVAx2WmttdBSonsdtRlwiuTbDqTKr+UlXIUqJVS4QT5tUzGENQ==",
      "dev": true,
      "bin": {
        "rimraf": "dist/cjs/src/bin.js"
      },
      "engines": {
        "node": ">=14"
      },
      "funding": {
        "url": "https://github.com/sponsors/isaacs"
      }
    },
    "node_modules/typescript": {
      "version": "4.9.5",
      "resolved": "https://registry.npmjs.org/typescript/-/typescript-4.9.5.tgz",
      "integrity": "sha512-1FXk9E2Hm+QzZQ7z+McJiHL4NW1F2EzMu9Nq9i3zAaGqibafqYwCVU6WyWAuyQRRzOlxou8xZSyXLEN8oKj24g==",
      "dev": true,
      "bin": {
        "tsc": "bin/tsc",
        "tsserver": "bin/tsserver"
      },
      "engines": {
        "node": ">=4.2.0"
      }
    }
  }
}
